// !$*UTF8*$!
{
	archiveVersion = 1;
	classes = {
	};
	objectVersion = 51;
	objects = {

/* Begin PBXBuildFile section */
		225381D62213314E002C7EB4 /* AppDelegate.swift in Sources */ = {isa = PBXBuildFile; fileRef = 225381D52213314E002C7EB4 /* AppDelegate.swift */; };
		225381D82213314E002C7EB4 /* PackageViewController.swift in Sources */ = {isa = PBXBuildFile; fileRef = 225381D72213314E002C7EB4 /* PackageViewController.swift */; };
		225381DA2213314E002C7EB4 /* ProfileViewController.swift in Sources */ = {isa = PBXBuildFile; fileRef = 225381D92213314E002C7EB4 /* ProfileViewController.swift */; };
		225381DD2213314E002C7EB4 /* Main.storyboard in Resources */ = {isa = PBXBuildFile; fileRef = 225381DB2213314E002C7EB4 /* Main.storyboard */; };
		225381DF2213314F002C7EB4 /* Assets.xcassets in Resources */ = {isa = PBXBuildFile; fileRef = 225381DE2213314F002C7EB4 /* Assets.xcassets */; };
		225381E22213314F002C7EB4 /* LaunchScreen.storyboard in Resources */ = {isa = PBXBuildFile; fileRef = 225381E02213314F002C7EB4 /* LaunchScreen.storyboard */; };
		225381ED2213314F002C7EB4 /* TravelAppTests.swift in Sources */ = {isa = PBXBuildFile; fileRef = 225381EC2213314F002C7EB4 /* TravelAppTests.swift */; };
		225381F82213314F002C7EB4 /* TravelAppUITests.swift in Sources */ = {isa = PBXBuildFile; fileRef = 225381F72213314F002C7EB4 /* TravelAppUITests.swift */; };
		228001DA2289753900F1C918 /* FeaturedCollectionViewCell.swift in Sources */ = {isa = PBXBuildFile; fileRef = 228001D92289753900F1C918 /* FeaturedCollectionViewCell.swift */; };
		2290EFD922579F36008191D9 /* APIUrl.swift in Sources */ = {isa = PBXBuildFile; fileRef = 2290EFD822579F36008191D9 /* APIUrl.swift */; };
		2290EFDB2257A234008191D9 /* DataManager.swift in Sources */ = {isa = PBXBuildFile; fileRef = 2290EFDA2257A234008191D9 /* DataManager.swift */; };
		2290EFDD2257A609008191D9 /* ActivityIndicator.swift in Sources */ = {isa = PBXBuildFile; fileRef = 2290EFDC2257A609008191D9 /* ActivityIndicator.swift */; };
		22A11BFA2216B5E30017ADBF /* credentials.plist in Resources */ = {isa = PBXBuildFile; fileRef = 22A11BF92216B5E20017ADBF /* credentials.plist */; };
		22A11BFC22170BDA0017ADBF /* DashboardViewController.swift in Sources */ = {isa = PBXBuildFile; fileRef = 22A11BFB22170BDA0017ADBF /* DashboardViewController.swift */; };
		22A11BFE22170C230017ADBF /* MainViewController.swift in Sources */ = {isa = PBXBuildFile; fileRef = 22A11BFD22170C230017ADBF /* MainViewController.swift */; };
		22A8BA6E221AD8B7001AF8A4 /* TableViewCell.swift in Sources */ = {isa = PBXBuildFile; fileRef = 22A8BA6D221AD8B7001AF8A4 /* TableViewCell.swift */; };
		22B22F2E2228FC24000AF62B /* BookingNextViewController.swift in Sources */ = {isa = PBXBuildFile; fileRef = 22B22F2D2228FC24000AF62B /* BookingNextViewController.swift */; };
		22BB7597221BDC230073792A /* PackageDetailViewController.swift in Sources */ = {isa = PBXBuildFile; fileRef = 22BB7596221BDC230073792A /* PackageDetailViewController.swift */; };
		22BD197F224A45190041266A /* MyTripsViewController.swift in Sources */ = {isa = PBXBuildFile; fileRef = 22BD197E224A45190041266A /* MyTripsViewController.swift */; };
		22BF5F0822141A4D0019E800 /* CollectionViewCell.swift in Sources */ = {isa = PBXBuildFile; fileRef = 22BF5F0722141A4D0019E800 /* CollectionViewCell.swift */; };
		22C01A3A2242162600A82E31 /* Montserrat-Bold.otf in Resources */ = {isa = PBXBuildFile; fileRef = 22C01A302242162400A82E31 /* Montserrat-Bold.otf */; };
		22C01A3B2242162600A82E31 /* Montserrat-SemiBold.otf in Resources */ = {isa = PBXBuildFile; fileRef = 22C01A312242162400A82E31 /* Montserrat-SemiBold.otf */; };
		22C01A3C2242162600A82E31 /* Montserrat-Thin.ttf in Resources */ = {isa = PBXBuildFile; fileRef = 22C01A322242162400A82E31 /* Montserrat-Thin.ttf */; };
		22C01A3D2242162600A82E31 /* Montserrat-Light.otf in Resources */ = {isa = PBXBuildFile; fileRef = 22C01A332242162500A82E31 /* Montserrat-Light.otf */; };
		22C01A3E2242162600A82E31 /* Montserrat-Hairline.otf in Resources */ = {isa = PBXBuildFile; fileRef = 22C01A342242162500A82E31 /* Montserrat-Hairline.otf */; };
		22C01A3F2242162600A82E31 /* Montserrat-Regular.otf in Resources */ = {isa = PBXBuildFile; fileRef = 22C01A352242162500A82E31 /* Montserrat-Regular.otf */; };
		22C01A402242162600A82E31 /* Montserrat-Black.otf in Resources */ = {isa = PBXBuildFile; fileRef = 22C01A362242162500A82E31 /* Montserrat-Black.otf */; };
		22C01A412242162600A82E31 /* Montserrat-UltraLight.otf in Resources */ = {isa = PBXBuildFile; fileRef = 22C01A372242162500A82E31 /* Montserrat-UltraLight.otf */; };
		22C01A422242162600A82E31 /* Montserrat-ExtraBold.otf in Resources */ = {isa = PBXBuildFile; fileRef = 22C01A382242162600A82E31 /* Montserrat-ExtraBold.otf */; };
		22C01A432242162600A82E31 /* sharefonts.net.txt in Resources */ = {isa = PBXBuildFile; fileRef = 22C01A392242162600A82E31 /* sharefonts.net.txt */; };
		22C01A4522424AE700A82E31 /* Gotham Bold Regular.ttf in Resources */ = {isa = PBXBuildFile; fileRef = 22C01A4422424AE700A82E31 /* Gotham Bold Regular.ttf */; };
		22C50350222BFA3B00CDFE40 /* FinalBookingViewController.swift in Sources */ = {isa = PBXBuildFile; fileRef = 22C5034F222BFA3B00CDFE40 /* FinalBookingViewController.swift */; };
		22CAE4A9233FB21100A172D4 /* NetworkCall.swift in Sources */ = {isa = PBXBuildFile; fileRef = 22CAE4A8233FB21100A172D4 /* NetworkCall.swift */; };
		22CD43C6222F9CE100BC25AD /* SignUpViewController.swift in Sources */ = {isa = PBXBuildFile; fileRef = 22CD43C5222F9CE100BC25AD /* SignUpViewController.swift */; };
		22D68669222667C2006B8508 /* BookingViewController.swift in Sources */ = {isa = PBXBuildFile; fileRef = 22D68668222667C2006B8508 /* BookingViewController.swift */; };
		22F0438322185B53002E8002 /* FacebookCore.framework in Frameworks */ = {isa = PBXBuildFile; fileRef = 22F0438222185B53002E8002 /* FacebookCore.framework */; };
		22F0438522185B53002E8002 /* FacebookLogin.framework in Frameworks */ = {isa = PBXBuildFile; fileRef = 22F0438422185B53002E8002 /* FacebookLogin.framework */; };
		22F0438722185B53002E8002 /* FacebookShare.framework in Frameworks */ = {isa = PBXBuildFile; fileRef = 22F0438622185B53002E8002 /* FacebookShare.framework */; };
		22F34A6422882B1D000395B9 /* ForgetPasswordViewController.swift in Sources */ = {isa = PBXBuildFile; fileRef = 22F34A6322882B1D000395B9 /* ForgetPasswordViewController.swift */; };
		22FC4E17221E927D001B84B3 /* SearchViewController.swift in Sources */ = {isa = PBXBuildFile; fileRef = 22FC4E16221E927D001B84B3 /* SearchViewController.swift */; };
		22FE2B93234890AA00203F48 /* Utilities.swift in Sources */ = {isa = PBXBuildFile; fileRef = 22FE2B92234890AA00203F48 /* Utilities.swift */; };
		22FECB88226884FB00828EC2 /* TravelObjects.swift in Sources */ = {isa = PBXBuildFile; fileRef = 22FECB87226884FB00828EC2 /* TravelObjects.swift */; };
		E130F3B5088AD2DD8075BE5E /* Pods_TravelApp.framework in Frameworks */ = {isa = PBXBuildFile; fileRef = C8EAACD42E38D4B7EC36BD49 /* Pods_TravelApp.framework */; };
/* End PBXBuildFile section */

/* Begin PBXContainerItemProxy section */
		225381E92213314F002C7EB4 /* PBXContainerItemProxy */ = {
			isa = PBXContainerItemProxy;
			containerPortal = 225381CA2213314E002C7EB4 /* Project object */;
			proxyType = 1;
			remoteGlobalIDString = 225381D12213314E002C7EB4;
			remoteInfo = TravelApp;
		};
		225381F42213314F002C7EB4 /* PBXContainerItemProxy */ = {
			isa = PBXContainerItemProxy;
			containerPortal = 225381CA2213314E002C7EB4 /* Project object */;
			proxyType = 1;
			remoteGlobalIDString = 225381D12213314E002C7EB4;
			remoteInfo = TravelApp;
		};
/* End PBXContainerItemProxy section */

/* Begin PBXFileReference section */
		2144A087FF706B6AD362A22E /* Pods-TravelApp.release.xcconfig */ = {isa = PBXFileReference; includeInIndex = 1; lastKnownFileType = text.xcconfig; name = "Pods-TravelApp.release.xcconfig"; path = "Target Support Files/Pods-TravelApp/Pods-TravelApp.release.xcconfig"; sourceTree = "<group>"; };
		225381D22213314E002C7EB4 /* TravelApp.app */ = {isa = PBXFileReference; explicitFileType = wrapper.application; includeInIndex = 0; path = TravelApp.app; sourceTree = BUILT_PRODUCTS_DIR; };
		225381D52213314E002C7EB4 /* AppDelegate.swift */ = {isa = PBXFileReference; lastKnownFileType = sourcecode.swift; path = AppDelegate.swift; sourceTree = "<group>"; };
		225381D72213314E002C7EB4 /* PackageViewController.swift */ = {isa = PBXFileReference; lastKnownFileType = sourcecode.swift; path = PackageViewController.swift; sourceTree = "<group>"; };
		225381D92213314E002C7EB4 /* ProfileViewController.swift */ = {isa = PBXFileReference; lastKnownFileType = sourcecode.swift; path = ProfileViewController.swift; sourceTree = "<group>"; };
		225381DC2213314E002C7EB4 /* Base */ = {isa = PBXFileReference; lastKnownFileType = file.storyboard; name = Base; path = Base.lproj/Main.storyboard; sourceTree = "<group>"; };
		225381DE2213314F002C7EB4 /* Assets.xcassets */ = {isa = PBXFileReference; lastKnownFileType = folder.assetcatalog; path = Assets.xcassets; sourceTree = "<group>"; };
		225381E12213314F002C7EB4 /* Base */ = {isa = PBXFileReference; lastKnownFileType = file.storyboard; name = Base; path = Base.lproj/LaunchScreen.storyboard; sourceTree = "<group>"; };
		225381E32213314F002C7EB4 /* Info.plist */ = {isa = PBXFileReference; lastKnownFileType = text.plist.xml; path = Info.plist; sourceTree = "<group>"; };
		225381E82213314F002C7EB4 /* TravelAppTests.xctest */ = {isa = PBXFileReference; explicitFileType = wrapper.cfbundle; includeInIndex = 0; path = TravelAppTests.xctest; sourceTree = BUILT_PRODUCTS_DIR; };
		225381EC2213314F002C7EB4 /* TravelAppTests.swift */ = {isa = PBXFileReference; lastKnownFileType = sourcecode.swift; path = TravelAppTests.swift; sourceTree = "<group>"; };
		225381EE2213314F002C7EB4 /* Info.plist */ = {isa = PBXFileReference; lastKnownFileType = text.plist.xml; path = Info.plist; sourceTree = "<group>"; };
		225381F32213314F002C7EB4 /* TravelAppUITests.xctest */ = {isa = PBXFileReference; explicitFileType = wrapper.cfbundle; includeInIndex = 0; path = TravelAppUITests.xctest; sourceTree = BUILT_PRODUCTS_DIR; };
		225381F72213314F002C7EB4 /* TravelAppUITests.swift */ = {isa = PBXFileReference; lastKnownFileType = sourcecode.swift; path = TravelAppUITests.swift; sourceTree = "<group>"; };
		225381F92213314F002C7EB4 /* Info.plist */ = {isa = PBXFileReference; lastKnownFileType = text.plist.xml; path = Info.plist; sourceTree = "<group>"; };
		228001D92289753900F1C918 /* FeaturedCollectionViewCell.swift */ = {isa = PBXFileReference; lastKnownFileType = sourcecode.swift; path = FeaturedCollectionViewCell.swift; sourceTree = "<group>"; };
		228E4F862250BF0D00D7D092 /* MontserratAlternates-SemiBoldItalic.otf */ = {isa = PBXFileReference; lastKnownFileType = file; path = "MontserratAlternates-SemiBoldItalic.otf"; sourceTree = "<group>"; };
		228E4F872250D45900D7D092 /* Montserrat-SemiBoldItalic.otf */ = {isa = PBXFileReference; lastKnownFileType = file; path = "Montserrat-SemiBoldItalic.otf"; sourceTree = "<group>"; };
		2290EFD822579F36008191D9 /* APIUrl.swift */ = {isa = PBXFileReference; lastKnownFileType = sourcecode.swift; path = APIUrl.swift; sourceTree = "<group>"; };
		2290EFDA2257A234008191D9 /* DataManager.swift */ = {isa = PBXFileReference; lastKnownFileType = sourcecode.swift; path = DataManager.swift; sourceTree = "<group>"; };
		2290EFDC2257A609008191D9 /* ActivityIndicator.swift */ = {isa = PBXFileReference; lastKnownFileType = sourcecode.swift; path = ActivityIndicator.swift; sourceTree = "<group>"; };
		22A11BF92216B5E20017ADBF /* credentials.plist */ = {isa = PBXFileReference; fileEncoding = 4; lastKnownFileType = text.plist.xml; name = credentials.plist; path = ../../../Downloads/credentials.plist; sourceTree = "<group>"; };
		22A11BFB22170BDA0017ADBF /* DashboardViewController.swift */ = {isa = PBXFileReference; lastKnownFileType = sourcecode.swift; path = DashboardViewController.swift; sourceTree = "<group>"; };
		22A11BFD22170C230017ADBF /* MainViewController.swift */ = {isa = PBXFileReference; lastKnownFileType = sourcecode.swift; path = MainViewController.swift; sourceTree = "<group>"; };
		22A8BA6D221AD8B7001AF8A4 /* TableViewCell.swift */ = {isa = PBXFileReference; lastKnownFileType = sourcecode.swift; path = TableViewCell.swift; sourceTree = "<group>"; };
		22B22F2D2228FC24000AF62B /* BookingNextViewController.swift */ = {isa = PBXFileReference; lastKnownFileType = sourcecode.swift; path = BookingNextViewController.swift; sourceTree = "<group>"; };
		22BA7C402244CCA10077A40B /* Gotham Medium.otf */ = {isa = PBXFileReference; lastKnownFileType = file; path = "Gotham Medium.otf"; sourceTree = "<group>"; };
		22BA7C412244D7F50077A40B /* Montserrat-Italic.otf */ = {isa = PBXFileReference; lastKnownFileType = file; path = "Montserrat-Italic.otf"; sourceTree = "<group>"; };
		22BA7C422244D8380077A40B /* Montserrat-Medium.otf */ = {isa = PBXFileReference; lastKnownFileType = file; path = "Montserrat-Medium.otf"; sourceTree = "<group>"; };
		22BB7596221BDC230073792A /* PackageDetailViewController.swift */ = {isa = PBXFileReference; lastKnownFileType = sourcecode.swift; path = PackageDetailViewController.swift; sourceTree = "<group>"; };
		22BD197E224A45190041266A /* MyTripsViewController.swift */ = {isa = PBXFileReference; lastKnownFileType = sourcecode.swift; path = MyTripsViewController.swift; sourceTree = "<group>"; };
		22BF5F0722141A4D0019E800 /* CollectionViewCell.swift */ = {isa = PBXFileReference; lastKnownFileType = sourcecode.swift; path = CollectionViewCell.swift; sourceTree = "<group>"; };
		22C01A302242162400A82E31 /* Montserrat-Bold.otf */ = {isa = PBXFileReference; lastKnownFileType = file; path = "Montserrat-Bold.otf"; sourceTree = "<group>"; };
		22C01A312242162400A82E31 /* Montserrat-SemiBold.otf */ = {isa = PBXFileReference; lastKnownFileType = file; path = "Montserrat-SemiBold.otf"; sourceTree = "<group>"; };
		22C01A322242162400A82E31 /* Montserrat-Thin.ttf */ = {isa = PBXFileReference; lastKnownFileType = file; path = "Montserrat-Thin.ttf"; sourceTree = "<group>"; };
		22C01A332242162500A82E31 /* Montserrat-Light.otf */ = {isa = PBXFileReference; lastKnownFileType = file; path = "Montserrat-Light.otf"; sourceTree = "<group>"; };
		22C01A342242162500A82E31 /* Montserrat-Hairline.otf */ = {isa = PBXFileReference; lastKnownFileType = file; path = "Montserrat-Hairline.otf"; sourceTree = "<group>"; };
		22C01A352242162500A82E31 /* Montserrat-Regular.otf */ = {isa = PBXFileReference; lastKnownFileType = file; path = "Montserrat-Regular.otf"; sourceTree = "<group>"; };
		22C01A362242162500A82E31 /* Montserrat-Black.otf */ = {isa = PBXFileReference; lastKnownFileType = file; path = "Montserrat-Black.otf"; sourceTree = "<group>"; };
		22C01A372242162500A82E31 /* Montserrat-UltraLight.otf */ = {isa = PBXFileReference; lastKnownFileType = file; path = "Montserrat-UltraLight.otf"; sourceTree = "<group>"; };
		22C01A382242162600A82E31 /* Montserrat-ExtraBold.otf */ = {isa = PBXFileReference; lastKnownFileType = file; path = "Montserrat-ExtraBold.otf"; sourceTree = "<group>"; };
		22C01A392242162600A82E31 /* sharefonts.net.txt */ = {isa = PBXFileReference; fileEncoding = 4; lastKnownFileType = text; path = sharefonts.net.txt; sourceTree = "<group>"; };
		22C01A4422424AE700A82E31 /* Gotham Bold Regular.ttf */ = {isa = PBXFileReference; lastKnownFileType = file; path = "Gotham Bold Regular.ttf"; sourceTree = "<group>"; };
		22C5034F222BFA3B00CDFE40 /* FinalBookingViewController.swift */ = {isa = PBXFileReference; lastKnownFileType = sourcecode.swift; path = FinalBookingViewController.swift; sourceTree = "<group>"; };
		22CAE4A8233FB21100A172D4 /* NetworkCall.swift */ = {isa = PBXFileReference; lastKnownFileType = sourcecode.swift; path = NetworkCall.swift; sourceTree = "<group>"; };
		22CD43C5222F9CE100BC25AD /* SignUpViewController.swift */ = {isa = PBXFileReference; lastKnownFileType = sourcecode.swift; path = SignUpViewController.swift; sourceTree = "<group>"; };
		22D68668222667C2006B8508 /* BookingViewController.swift */ = {isa = PBXFileReference; lastKnownFileType = sourcecode.swift; path = BookingViewController.swift; sourceTree = "<group>"; };
		22F0438222185B53002E8002 /* FacebookCore.framework */ = {isa = PBXFileReference; explicitFileType = wrapper.framework; path = FacebookCore.framework; sourceTree = BUILT_PRODUCTS_DIR; };
		22F0438422185B53002E8002 /* FacebookLogin.framework */ = {isa = PBXFileReference; explicitFileType = wrapper.framework; path = FacebookLogin.framework; sourceTree = BUILT_PRODUCTS_DIR; };
		22F0438622185B53002E8002 /* FacebookShare.framework */ = {isa = PBXFileReference; explicitFileType = wrapper.framework; path = FacebookShare.framework; sourceTree = BUILT_PRODUCTS_DIR; };
		22F0438822186887002E8002 /* TravelApp.entitlements */ = {isa = PBXFileReference; lastKnownFileType = text.plist.entitlements; path = TravelApp.entitlements; sourceTree = "<group>"; };
		22F34A6322882B1D000395B9 /* ForgetPasswordViewController.swift */ = {isa = PBXFileReference; lastKnownFileType = sourcecode.swift; path = ForgetPasswordViewController.swift; sourceTree = "<group>"; };
		22FC4E16221E927D001B84B3 /* SearchViewController.swift */ = {isa = PBXFileReference; lastKnownFileType = sourcecode.swift; path = SearchViewController.swift; sourceTree = "<group>"; };
		22FE2B9023488FA700203F48 /* credentials.plist */ = {isa = PBXFileReference; lastKnownFileType = text.plist.xml; path = credentials.plist; sourceTree = "<group>"; };
		22FE2B9123488FAE00203F48 /* credentials.plist */ = {isa = PBXFileReference; lastKnownFileType = text.plist.xml; name = credentials.plist; path = ../../../credentials.plist; sourceTree = "<group>"; };
		22FE2B92234890AA00203F48 /* Utilities.swift */ = {isa = PBXFileReference; lastKnownFileType = sourcecode.swift; path = Utilities.swift; sourceTree = "<group>"; };
		22FECB87226884FB00828EC2 /* TravelObjects.swift */ = {isa = PBXFileReference; lastKnownFileType = sourcecode.swift; path = TravelObjects.swift; sourceTree = "<group>"; };
		A9BC06D6359A74CD5B45A03B /* Pods-TravelApp.debug.xcconfig */ = {isa = PBXFileReference; includeInIndex = 1; lastKnownFileType = text.xcconfig; name = "Pods-TravelApp.debug.xcconfig"; path = "Target Support Files/Pods-TravelApp/Pods-TravelApp.debug.xcconfig"; sourceTree = "<group>"; };
		C8EAACD42E38D4B7EC36BD49 /* Pods_TravelApp.framework */ = {isa = PBXFileReference; explicitFileType = wrapper.framework; includeInIndex = 0; path = Pods_TravelApp.framework; sourceTree = BUILT_PRODUCTS_DIR; };
/* End PBXFileReference section */

/* Begin PBXFrameworksBuildPhase section */
		225381CF2213314E002C7EB4 /* Frameworks */ = {
			isa = PBXFrameworksBuildPhase;
			buildActionMask = 2147483647;
			files = (
				22F0438322185B53002E8002 /* FacebookCore.framework in Frameworks */,
				22F0438522185B53002E8002 /* FacebookLogin.framework in Frameworks */,
				22F0438722185B53002E8002 /* FacebookShare.framework in Frameworks */,
				E130F3B5088AD2DD8075BE5E /* Pods_TravelApp.framework in Frameworks */,
			);
			runOnlyForDeploymentPostprocessing = 0;
		};
		225381E52213314F002C7EB4 /* Frameworks */ = {
			isa = PBXFrameworksBuildPhase;
			buildActionMask = 2147483647;
			files = (
			);
			runOnlyForDeploymentPostprocessing = 0;
		};
		225381F02213314F002C7EB4 /* Frameworks */ = {
			isa = PBXFrameworksBuildPhase;
			buildActionMask = 2147483647;
			files = (
			);
			runOnlyForDeploymentPostprocessing = 0;
		};
/* End PBXFrameworksBuildPhase section */

/* Begin PBXGroup section */
		225381C92213314E002C7EB4 = {
			isa = PBXGroup;
			children = (
				225381D42213314E002C7EB4 /* TravelApp */,
				225381EB2213314F002C7EB4 /* TravelAppTests */,
				225381F62213314F002C7EB4 /* TravelAppUITests */,
				225381D32213314E002C7EB4 /* Products */,
				EE5425A24A1ACC9890FAD955 /* Pods */,
				E936DA243DBB1F6D50B4F961 /* Frameworks */,
			);
			sourceTree = "<group>";
		};
		225381D32213314E002C7EB4 /* Products */ = {
			isa = PBXGroup;
			children = (
				225381D22213314E002C7EB4 /* TravelApp.app */,
				225381E82213314F002C7EB4 /* TravelAppTests.xctest */,
				225381F32213314F002C7EB4 /* TravelAppUITests.xctest */,
			);
			name = Products;
			sourceTree = "<group>";
		};
		225381D42213314E002C7EB4 /* TravelApp */ = {
			isa = PBXGroup;
			children = (
				225381D52213314E002C7EB4 /* AppDelegate.swift */,
				225381DE2213314F002C7EB4 /* Assets.xcassets */,
				22A11BF92216B5E20017ADBF /* credentials.plist */,
				225381E32213314F002C7EB4 /* Info.plist */,
				225381E02213314F002C7EB4 /* LaunchScreen.storyboard */,
				225381DB2213314E002C7EB4 /* Main.storyboard */,
				22FE2B8B23488F3600203F48 /* Model */,
				22FE2B8F23488F9B00203F48 /* Resources */,
				22FE2B8E23488F8000203F48 /* TableCellView */,
				22FE2B8D23488F6300203F48 /* Utility */,
				22FE2B8A23488EFC00203F48 /* ViewController */,
			);
			path = TravelApp;
			sourceTree = "<group>";
		};
		225381EB2213314F002C7EB4 /* TravelAppTests */ = {
			isa = PBXGroup;
			children = (
				225381EC2213314F002C7EB4 /* TravelAppTests.swift */,
				225381EE2213314F002C7EB4 /* Info.plist */,
			);
			path = TravelAppTests;
			sourceTree = "<group>";
		};
		225381F62213314F002C7EB4 /* TravelAppUITests */ = {
			isa = PBXGroup;
			children = (
				225381F72213314F002C7EB4 /* TravelAppUITests.swift */,
				225381F92213314F002C7EB4 /* Info.plist */,
			);
			path = TravelAppUITests;
			sourceTree = "<group>";
		};
		22C01A2F224215EB00A82E31 /* fonts */ = {
			isa = PBXGroup;
			children = (
				228E4F872250D45900D7D092 /* Montserrat-SemiBoldItalic.otf */,
				228E4F862250BF0D00D7D092 /* MontserratAlternates-SemiBoldItalic.otf */,
				22BA7C422244D8380077A40B /* Montserrat-Medium.otf */,
				22BA7C412244D7F50077A40B /* Montserrat-Italic.otf */,
				22C01A4422424AE700A82E31 /* Gotham Bold Regular.ttf */,
				22C01A362242162500A82E31 /* Montserrat-Black.otf */,
				22C01A302242162400A82E31 /* Montserrat-Bold.otf */,
				22C01A382242162600A82E31 /* Montserrat-ExtraBold.otf */,
				22C01A342242162500A82E31 /* Montserrat-Hairline.otf */,
				22C01A332242162500A82E31 /* Montserrat-Light.otf */,
				22C01A352242162500A82E31 /* Montserrat-Regular.otf */,
				22BA7C402244CCA10077A40B /* Gotham Medium.otf */,
				22C01A312242162400A82E31 /* Montserrat-SemiBold.otf */,
				22C01A322242162400A82E31 /* Montserrat-Thin.ttf */,
				22C01A372242162500A82E31 /* Montserrat-UltraLight.otf */,
				22C01A392242162600A82E31 /* sharefonts.net.txt */,
			);
			path = fonts;
			sourceTree = "<group>";
		};
		22FE2B8A23488EFC00203F48 /* ViewController */ = {
			isa = PBXGroup;
			children = (
				22CD43C5222F9CE100BC25AD /* SignUpViewController.swift */,
				225381D72213314E002C7EB4 /* PackageViewController.swift */,
				225381D92213314E002C7EB4 /* ProfileViewController.swift */,
				22A11BFB22170BDA0017ADBF /* DashboardViewController.swift */,
				22A11BFD22170C230017ADBF /* MainViewController.swift */,
				22BB7596221BDC230073792A /* PackageDetailViewController.swift */,
				22FC4E16221E927D001B84B3 /* SearchViewController.swift */,
				22D68668222667C2006B8508 /* BookingViewController.swift */,
				22B22F2D2228FC24000AF62B /* BookingNextViewController.swift */,
				22C5034F222BFA3B00CDFE40 /* FinalBookingViewController.swift */,
				22F34A6322882B1D000395B9 /* ForgetPasswordViewController.swift */,
				22BD197E224A45190041266A /* MyTripsViewController.swift */,
			);
			path = ViewController;
			sourceTree = "<group>";
		};
		22FE2B8B23488F3600203F48 /* Model */ = {
			isa = PBXGroup;
			children = (
				22FECB87226884FB00828EC2 /* TravelObjects.swift */,
				2290EFD822579F36008191D9 /* APIUrl.swift */,
				2290EFDA2257A234008191D9 /* DataManager.swift */,
				22CAE4A8233FB21100A172D4 /* NetworkCall.swift */,
			);
			path = Model;
			sourceTree = "<group>";
		};
		22FE2B8D23488F6300203F48 /* Utility */ = {
			isa = PBXGroup;
			children = (
				2290EFDC2257A609008191D9 /* ActivityIndicator.swift */,
				22FE2B92234890AA00203F48 /* Utilities.swift */,
			);
			path = Utility;
			sourceTree = "<group>";
		};
		22FE2B8E23488F8000203F48 /* TableCellView */ = {
			isa = PBXGroup;
			children = (
				22A8BA6D221AD8B7001AF8A4 /* TableViewCell.swift */,
				22BF5F0722141A4D0019E800 /* CollectionViewCell.swift */,
				228001D92289753900F1C918 /* FeaturedCollectionViewCell.swift */,
			);
			path = TableCellView;
			sourceTree = "<group>";
		};
		22FE2B8F23488F9B00203F48 /* Resources */ = {
			isa = PBXGroup;
			children = (
				22F0438822186887002E8002 /* TravelApp.entitlements */,
				22FE2B9023488FA700203F48 /* credentials.plist */,
				22FE2B9123488FAE00203F48 /* credentials.plist */,
				22C01A2F224215EB00A82E31 /* fonts */,
			);
			path = Resources;
			sourceTree = "<group>";
		};
		E936DA243DBB1F6D50B4F961 /* Frameworks */ = {
			isa = PBXGroup;
			children = (
				22F0438222185B53002E8002 /* FacebookCore.framework */,
				22F0438422185B53002E8002 /* FacebookLogin.framework */,
				22F0438622185B53002E8002 /* FacebookShare.framework */,
				C8EAACD42E38D4B7EC36BD49 /* Pods_TravelApp.framework */,
			);
			name = Frameworks;
			sourceTree = "<group>";
		};
		EE5425A24A1ACC9890FAD955 /* Pods */ = {
			isa = PBXGroup;
			children = (
				A9BC06D6359A74CD5B45A03B /* Pods-TravelApp.debug.xcconfig */,
				2144A087FF706B6AD362A22E /* Pods-TravelApp.release.xcconfig */,
			);
			path = Pods;
			sourceTree = "<group>";
		};
/* End PBXGroup section */

/* Begin PBXNativeTarget section */
		225381D12213314E002C7EB4 /* TravelApp */ = {
			isa = PBXNativeTarget;
			buildConfigurationList = 225381FC2213314F002C7EB4 /* Build configuration list for PBXNativeTarget "TravelApp" */;
			buildPhases = (
				B25894C1CAA61964E4AD13CA /* [CP] Check Pods Manifest.lock */,
				225381CE2213314E002C7EB4 /* Sources */,
				225381CF2213314E002C7EB4 /* Frameworks */,
				225381D02213314E002C7EB4 /* Resources */,
				752747D401B59637501B7327 /* [CP] Copy Pods Resources */,
				33BD17BCCC45C57F21FAE9FF /* [CP] Embed Pods Frameworks */,
			);
			buildRules = (
			);
			dependencies = (
			);
			name = TravelApp;
			productName = TravelApp;
			productReference = 225381D22213314E002C7EB4 /* TravelApp.app */;
			productType = "com.apple.product-type.application";
		};
		225381E72213314F002C7EB4 /* TravelAppTests */ = {
			isa = PBXNativeTarget;
			buildConfigurationList = 225381FF2213314F002C7EB4 /* Build configuration list for PBXNativeTarget "TravelAppTests" */;
			buildPhases = (
				225381E42213314F002C7EB4 /* Sources */,
				225381E52213314F002C7EB4 /* Frameworks */,
				225381E62213314F002C7EB4 /* Resources */,
			);
			buildRules = (
			);
			dependencies = (
				225381EA2213314F002C7EB4 /* PBXTargetDependency */,
			);
			name = TravelAppTests;
			productName = TravelAppTests;
			productReference = 225381E82213314F002C7EB4 /* TravelAppTests.xctest */;
			productType = "com.apple.product-type.bundle.unit-test";
		};
		225381F22213314F002C7EB4 /* TravelAppUITests */ = {
			isa = PBXNativeTarget;
			buildConfigurationList = 225382022213314F002C7EB4 /* Build configuration list for PBXNativeTarget "TravelAppUITests" */;
			buildPhases = (
				225381EF2213314F002C7EB4 /* Sources */,
				225381F02213314F002C7EB4 /* Frameworks */,
				225381F12213314F002C7EB4 /* Resources */,
			);
			buildRules = (
			);
			dependencies = (
				225381F52213314F002C7EB4 /* PBXTargetDependency */,
			);
			name = TravelAppUITests;
			productName = TravelAppUITests;
			productReference = 225381F32213314F002C7EB4 /* TravelAppUITests.xctest */;
			productType = "com.apple.product-type.bundle.ui-testing";
		};
/* End PBXNativeTarget section */

/* Begin PBXProject section */
		225381CA2213314E002C7EB4 /* Project object */ = {
			isa = PBXProject;
			attributes = {
				LastSwiftUpdateCheck = 0940;
				LastUpgradeCheck = 0940;
				ORGANIZATIONNAME = "Amit Mathur";
				TargetAttributes = {
					225381D12213314E002C7EB4 = {
						CreatedOnToolsVersion = 9.4.1;
						LastSwiftMigration = 1020;
						SystemCapabilities = {
							com.apple.Keychain = {
								enabled = 0;
							};
						};
					};
					225381E72213314F002C7EB4 = {
						CreatedOnToolsVersion = 9.4.1;
						LastSwiftMigration = 1020;
						TestTargetID = 225381D12213314E002C7EB4;
					};
					225381F22213314F002C7EB4 = {
						CreatedOnToolsVersion = 9.4.1;
						LastSwiftMigration = 1020;
						TestTargetID = 225381D12213314E002C7EB4;
					};
				};
			};
			buildConfigurationList = 225381CD2213314E002C7EB4 /* Build configuration list for PBXProject "TravelApp" */;
			compatibilityVersion = "Xcode 9.3";
			developmentRegion = en;
			hasScannedForEncodings = 0;
			knownRegions = (
				en,
				Base,
			);
			mainGroup = 225381C92213314E002C7EB4;
			productRefGroup = 225381D32213314E002C7EB4 /* Products */;
			projectDirPath = "";
			projectRoot = "";
			targets = (
				225381D12213314E002C7EB4 /* TravelApp */,
				225381E72213314F002C7EB4 /* TravelAppTests */,
				225381F22213314F002C7EB4 /* TravelAppUITests */,
			);
		};
/* End PBXProject section */

/* Begin PBXResourcesBuildPhase section */
		225381D02213314E002C7EB4 /* Resources */ = {
			isa = PBXResourcesBuildPhase;
			buildActionMask = 2147483647;
			files = (
				22C01A432242162600A82E31 /* sharefonts.net.txt in Resources */,
				22C01A3A2242162600A82E31 /* Montserrat-Bold.otf in Resources */,
				22C01A402242162600A82E31 /* Montserrat-Black.otf in Resources */,
				225381E22213314F002C7EB4 /* LaunchScreen.storyboard in Resources */,
				225381DF2213314F002C7EB4 /* Assets.xcassets in Resources */,
				22C01A412242162600A82E31 /* Montserrat-UltraLight.otf in Resources */,
				22C01A3F2242162600A82E31 /* Montserrat-Regular.otf in Resources */,
				22C01A3B2242162600A82E31 /* Montserrat-SemiBold.otf in Resources */,
				22A11BFA2216B5E30017ADBF /* credentials.plist in Resources */,
				225381DD2213314E002C7EB4 /* Main.storyboard in Resources */,
				22C01A422242162600A82E31 /* Montserrat-ExtraBold.otf in Resources */,
				22C01A4522424AE700A82E31 /* Gotham Bold Regular.ttf in Resources */,
				22C01A3E2242162600A82E31 /* Montserrat-Hairline.otf in Resources */,
				22C01A3C2242162600A82E31 /* Montserrat-Thin.ttf in Resources */,
				22C01A3D2242162600A82E31 /* Montserrat-Light.otf in Resources */,
			);
			runOnlyForDeploymentPostprocessing = 0;
		};
		225381E62213314F002C7EB4 /* Resources */ = {
			isa = PBXResourcesBuildPhase;
			buildActionMask = 2147483647;
			files = (
			);
			runOnlyForDeploymentPostprocessing = 0;
		};
		225381F12213314F002C7EB4 /* Resources */ = {
			isa = PBXResourcesBuildPhase;
			buildActionMask = 2147483647;
			files = (
			);
			runOnlyForDeploymentPostprocessing = 0;
		};
/* End PBXResourcesBuildPhase section */

/* Begin PBXShellScriptBuildPhase section */
		33BD17BCCC45C57F21FAE9FF /* [CP] Embed Pods Frameworks */ = {
			isa = PBXShellScriptBuildPhase;
			buildActionMask = 2147483647;
			files = (
			);
			inputFileListPaths = (
				"${PODS_ROOT}/Target Support Files/Pods-TravelApp/Pods-TravelApp-frameworks-${CONFIGURATION}-input-files.xcfilelist",
			);
			name = "[CP] Embed Pods Frameworks";
			outputFileListPaths = (
				"${PODS_ROOT}/Target Support Files/Pods-TravelApp/Pods-TravelApp-frameworks-${CONFIGURATION}-output-files.xcfilelist",
			);
			runOnlyForDeploymentPostprocessing = 0;
			shellPath = /bin/sh;
			shellScript = "\"${PODS_ROOT}/Target Support Files/Pods-TravelApp/Pods-TravelApp-frameworks.sh\"\n";
			showEnvVarsInLog = 0;
		};
		752747D401B59637501B7327 /* [CP] Copy Pods Resources */ = {
			isa = PBXShellScriptBuildPhase;
			buildActionMask = 2147483647;
			files = (
			);
			inputFileListPaths = (
				"${PODS_ROOT}/Target Support Files/Pods-TravelApp/Pods-TravelApp-resources-${CONFIGURATION}-input-files.xcfilelist",
			);
			name = "[CP] Copy Pods Resources";
			outputFileListPaths = (
				"${PODS_ROOT}/Target Support Files/Pods-TravelApp/Pods-TravelApp-resources-${CONFIGURATION}-output-files.xcfilelist",
			);
			runOnlyForDeploymentPostprocessing = 0;
			shellPath = /bin/sh;
			shellScript = "\"${PODS_ROOT}/Target Support Files/Pods-TravelApp/Pods-TravelApp-resources.sh\"\n";
			showEnvVarsInLog = 0;
		};
		B25894C1CAA61964E4AD13CA /* [CP] Check Pods Manifest.lock */ = {
			isa = PBXShellScriptBuildPhase;
			buildActionMask = 2147483647;
			files = (
			);
			inputPaths = (
				"${PODS_PODFILE_DIR_PATH}/Podfile.lock",
				"${PODS_ROOT}/Manifest.lock",
			);
			name = "[CP] Check Pods Manifest.lock";
			outputPaths = (
				"$(DERIVED_FILE_DIR)/Pods-TravelApp-checkManifestLockResult.txt",
			);
			runOnlyForDeploymentPostprocessing = 0;
			shellPath = /bin/sh;
			shellScript = "diff \"${PODS_PODFILE_DIR_PATH}/Podfile.lock\" \"${PODS_ROOT}/Manifest.lock\" > /dev/null\nif [ $? != 0 ] ; then\n    # print error to STDERR\n    echo \"error: The sandbox is not in sync with the Podfile.lock. Run 'pod install' or update your CocoaPods installation.\" >&2\n    exit 1\nfi\n# This output is used by Xcode 'outputs' to avoid re-running this script phase.\necho \"SUCCESS\" > \"${SCRIPT_OUTPUT_FILE_0}\"\n";
			showEnvVarsInLog = 0;
		};
/* End PBXShellScriptBuildPhase section */

/* Begin PBXSourcesBuildPhase section */
		225381CE2213314E002C7EB4 /* Sources */ = {
			isa = PBXSourcesBuildPhase;
			buildActionMask = 2147483647;
			files = (
				225381DA2213314E002C7EB4 /* ProfileViewController.swift in Sources */,
				225381D62213314E002C7EB4 /* AppDelegate.swift in Sources */,
				22FE2B93234890AA00203F48 /* Utilities.swift in Sources */,
				228001DA2289753900F1C918 /* FeaturedCollectionViewCell.swift in Sources */,
				2290EFDD2257A609008191D9 /* ActivityIndicator.swift in Sources */,
				2290EFD922579F36008191D9 /* APIUrl.swift in Sources */,
				22F34A6422882B1D000395B9 /* ForgetPasswordViewController.swift in Sources */,
				22C50350222BFA3B00CDFE40 /* FinalBookingViewController.swift in Sources */,
				22CAE4A9233FB21100A172D4 /* NetworkCall.swift in Sources */,
				22A11BFC22170BDA0017ADBF /* DashboardViewController.swift in Sources */,
				22FC4E17221E927D001B84B3 /* SearchViewController.swift in Sources */,
				2290EFDB2257A234008191D9 /* DataManager.swift in Sources */,
				22A11BFE22170C230017ADBF /* MainViewController.swift in Sources */,
				22BF5F0822141A4D0019E800 /* CollectionViewCell.swift in Sources */,
				22A8BA6E221AD8B7001AF8A4 /* TableViewCell.swift in Sources */,
				22CD43C6222F9CE100BC25AD /* SignUpViewController.swift in Sources */,
				22B22F2E2228FC24000AF62B /* BookingNextViewController.swift in Sources */,
				22BB7597221BDC230073792A /* PackageDetailViewController.swift in Sources */,
				22D68669222667C2006B8508 /* BookingViewController.swift in Sources */,
				22BD197F224A45190041266A /* MyTripsViewController.swift in Sources */,
				225381D82213314E002C7EB4 /* PackageViewController.swift in Sources */,
				22FECB88226884FB00828EC2 /* TravelObjects.swift in Sources */,
			);
			runOnlyForDeploymentPostprocessing = 0;
		};
		225381E42213314F002C7EB4 /* Sources */ = {
			isa = PBXSourcesBuildPhase;
			buildActionMask = 2147483647;
			files = (
				225381ED2213314F002C7EB4 /* TravelAppTests.swift in Sources */,
			);
			runOnlyForDeploymentPostprocessing = 0;
		};
		225381EF2213314F002C7EB4 /* Sources */ = {
			isa = PBXSourcesBuildPhase;
			buildActionMask = 2147483647;
			files = (
				225381F82213314F002C7EB4 /* TravelAppUITests.swift in Sources */,
			);
			runOnlyForDeploymentPostprocessing = 0;
		};
/* End PBXSourcesBuildPhase section */

/* Begin PBXTargetDependency section */
		225381EA2213314F002C7EB4 /* PBXTargetDependency */ = {
			isa = PBXTargetDependency;
			target = 225381D12213314E002C7EB4 /* TravelApp */;
			targetProxy = 225381E92213314F002C7EB4 /* PBXContainerItemProxy */;
		};
		225381F52213314F002C7EB4 /* PBXTargetDependency */ = {
			isa = PBXTargetDependency;
			target = 225381D12213314E002C7EB4 /* TravelApp */;
			targetProxy = 225381F42213314F002C7EB4 /* PBXContainerItemProxy */;
		};
/* End PBXTargetDependency section */

/* Begin PBXVariantGroup section */
		225381DB2213314E002C7EB4 /* Main.storyboard */ = {
			isa = PBXVariantGroup;
			children = (
				225381DC2213314E002C7EB4 /* Base */,
			);
			name = Main.storyboard;
			sourceTree = "<group>";
		};
		225381E02213314F002C7EB4 /* LaunchScreen.storyboard */ = {
			isa = PBXVariantGroup;
			children = (
				225381E12213314F002C7EB4 /* Base */,
			);
			name = LaunchScreen.storyboard;
			sourceTree = "<group>";
		};
/* End PBXVariantGroup section */

/* Begin XCBuildConfiguration section */
		225381FA2213314F002C7EB4 /* Debug */ = {
			isa = XCBuildConfiguration;
			buildSettings = {
				ALWAYS_SEARCH_USER_PATHS = NO;
				CLANG_ANALYZER_NONNULL = YES;
				CLANG_ANALYZER_NUMBER_OBJECT_CONVERSION = YES_AGGRESSIVE;
				CLANG_CXX_LANGUAGE_STANDARD = "gnu++14";
				CLANG_CXX_LIBRARY = "libc++";
				CLANG_ENABLE_MODULES = YES;
				CLANG_ENABLE_OBJC_ARC = YES;
				CLANG_ENABLE_OBJC_WEAK = YES;
				CLANG_WARN_BLOCK_CAPTURE_AUTORELEASING = YES;
				CLANG_WARN_BOOL_CONVERSION = YES;
				CLANG_WARN_COMMA = YES;
				CLANG_WARN_CONSTANT_CONVERSION = YES;
				CLANG_WARN_DEPRECATED_OBJC_IMPLEMENTATIONS = YES;
				CLANG_WARN_DIRECT_OBJC_ISA_USAGE = YES_ERROR;
				CLANG_WARN_DOCUMENTATION_COMMENTS = YES;
				CLANG_WARN_EMPTY_BODY = YES;
				CLANG_WARN_ENUM_CONVERSION = YES;
				CLANG_WARN_INFINITE_RECURSION = YES;
				CLANG_WARN_INT_CONVERSION = YES;
				CLANG_WARN_NON_LITERAL_NULL_CONVERSION = YES;
				CLANG_WARN_OBJC_IMPLICIT_RETAIN_SELF = YES;
				CLANG_WARN_OBJC_LITERAL_CONVERSION = YES;
				CLANG_WARN_OBJC_ROOT_CLASS = YES_ERROR;
				CLANG_WARN_RANGE_LOOP_ANALYSIS = YES;
				CLANG_WARN_STRICT_PROTOTYPES = YES;
				CLANG_WARN_SUSPICIOUS_MOVE = YES;
				CLANG_WARN_UNGUARDED_AVAILABILITY = YES_AGGRESSIVE;
				CLANG_WARN_UNREACHABLE_CODE = YES;
				CLANG_WARN__DUPLICATE_METHOD_MATCH = YES;
				CODE_SIGN_IDENTITY = "iPhone Developer";
				COPY_PHASE_STRIP = NO;
				DEBUG_INFORMATION_FORMAT = dwarf;
				ENABLE_STRICT_OBJC_MSGSEND = YES;
				ENABLE_TESTABILITY = YES;
				GCC_C_LANGUAGE_STANDARD = gnu11;
				GCC_DYNAMIC_NO_PIC = NO;
				GCC_NO_COMMON_BLOCKS = YES;
				GCC_OPTIMIZATION_LEVEL = 0;
				GCC_PREPROCESSOR_DEFINITIONS = (
					"DEBUG=1",
					"$(inherited)",
				);
				GCC_WARN_64_TO_32_BIT_CONVERSION = YES;
				GCC_WARN_ABOUT_RETURN_TYPE = YES_ERROR;
				GCC_WARN_UNDECLARED_SELECTOR = YES;
				GCC_WARN_UNINITIALIZED_AUTOS = YES_AGGRESSIVE;
				GCC_WARN_UNUSED_FUNCTION = YES;
				GCC_WARN_UNUSED_VARIABLE = YES;
				IPHONEOS_DEPLOYMENT_TARGET = 11.4;
				MTL_ENABLE_DEBUG_INFO = YES;
				ONLY_ACTIVE_ARCH = YES;
				SDKROOT = iphoneos;
				SWIFT_ACTIVE_COMPILATION_CONDITIONS = DEBUG;
				SWIFT_OPTIMIZATION_LEVEL = "-Onone";
				SWIFT_VERSION = 5.0;
			};
			name = Debug;
		};
		225381FB2213314F002C7EB4 /* Release */ = {
			isa = XCBuildConfiguration;
			buildSettings = {
				ALWAYS_SEARCH_USER_PATHS = NO;
				CLANG_ANALYZER_NONNULL = YES;
				CLANG_ANALYZER_NUMBER_OBJECT_CONVERSION = YES_AGGRESSIVE;
				CLANG_CXX_LANGUAGE_STANDARD = "gnu++14";
				CLANG_CXX_LIBRARY = "libc++";
				CLANG_ENABLE_MODULES = YES;
				CLANG_ENABLE_OBJC_ARC = YES;
				CLANG_ENABLE_OBJC_WEAK = YES;
				CLANG_WARN_BLOCK_CAPTURE_AUTORELEASING = YES;
				CLANG_WARN_BOOL_CONVERSION = YES;
				CLANG_WARN_COMMA = YES;
				CLANG_WARN_CONSTANT_CONVERSION = YES;
				CLANG_WARN_DEPRECATED_OBJC_IMPLEMENTATIONS = YES;
				CLANG_WARN_DIRECT_OBJC_ISA_USAGE = YES_ERROR;
				CLANG_WARN_DOCUMENTATION_COMMENTS = YES;
				CLANG_WARN_EMPTY_BODY = YES;
				CLANG_WARN_ENUM_CONVERSION = YES;
				CLANG_WARN_INFINITE_RECURSION = YES;
				CLANG_WARN_INT_CONVERSION = YES;
				CLANG_WARN_NON_LITERAL_NULL_CONVERSION = YES;
				CLANG_WARN_OBJC_IMPLICIT_RETAIN_SELF = YES;
				CLANG_WARN_OBJC_LITERAL_CONVERSION = YES;
				CLANG_WARN_OBJC_ROOT_CLASS = YES_ERROR;
				CLANG_WARN_RANGE_LOOP_ANALYSIS = YES;
				CLANG_WARN_STRICT_PROTOTYPES = YES;
				CLANG_WARN_SUSPICIOUS_MOVE = YES;
				CLANG_WARN_UNGUARDED_AVAILABILITY = YES_AGGRESSIVE;
				CLANG_WARN_UNREACHABLE_CODE = YES;
				CLANG_WARN__DUPLICATE_METHOD_MATCH = YES;
				CODE_SIGN_IDENTITY = "iPhone Developer";
				COPY_PHASE_STRIP = NO;
				DEBUG_INFORMATION_FORMAT = "dwarf-with-dsym";
				ENABLE_NS_ASSERTIONS = NO;
				ENABLE_STRICT_OBJC_MSGSEND = YES;
				GCC_C_LANGUAGE_STANDARD = gnu11;
				GCC_NO_COMMON_BLOCKS = YES;
				GCC_WARN_64_TO_32_BIT_CONVERSION = YES;
				GCC_WARN_ABOUT_RETURN_TYPE = YES_ERROR;
				GCC_WARN_UNDECLARED_SELECTOR = YES;
				GCC_WARN_UNINITIALIZED_AUTOS = YES_AGGRESSIVE;
				GCC_WARN_UNUSED_FUNCTION = YES;
				GCC_WARN_UNUSED_VARIABLE = YES;
				IPHONEOS_DEPLOYMENT_TARGET = 11.4;
				MTL_ENABLE_DEBUG_INFO = NO;
				SDKROOT = iphoneos;
				SWIFT_COMPILATION_MODE = wholemodule;
				SWIFT_OPTIMIZATION_LEVEL = "-O";
				SWIFT_VERSION = 5.0;
				VALIDATE_PRODUCT = YES;
			};
			name = Release;
		};
		225381FD2213314F002C7EB4 /* Debug */ = {
			isa = XCBuildConfiguration;
			baseConfigurationReference = A9BC06D6359A74CD5B45A03B /* Pods-TravelApp.debug.xcconfig */;
			buildSettings = {
				ASSETCATALOG_COMPILER_APPICON_NAME = AppIcon;
				CODE_SIGN_STYLE = Automatic;
				DEVELOPMENT_TEAM = 28TNF4QZU2;
				INFOPLIST_FILE = TravelApp/Info.plist;
				IPHONEOS_DEPLOYMENT_TARGET = 11.4;
				LD_RUNPATH_SEARCH_PATHS = (
					"$(inherited)",
					"@executable_path/Frameworks",
				);
				PRODUCT_BUNDLE_IDENTIFIER = com.amit.travel.TravelApp;
				PRODUCT_NAME = "$(TARGET_NAME)";
				SWIFT_VERSION = 5.0;
				TARGETED_DEVICE_FAMILY = "1,2";
			};
			name = Debug;
		};
		225381FE2213314F002C7EB4 /* Release */ = {
			isa = XCBuildConfiguration;
			baseConfigurationReference = 2144A087FF706B6AD362A22E /* Pods-TravelApp.release.xcconfig */;
			buildSettings = {
				ASSETCATALOG_COMPILER_APPICON_NAME = AppIcon;
				CODE_SIGN_STYLE = Automatic;
				DEVELOPMENT_TEAM = 28TNF4QZU2;
				INFOPLIST_FILE = TravelApp/Info.plist;
				IPHONEOS_DEPLOYMENT_TARGET = 11.4;
				LD_RUNPATH_SEARCH_PATHS = (
					"$(inherited)",
					"@executable_path/Frameworks",
				);
				PRODUCT_BUNDLE_IDENTIFIER = com.amit.travel.TravelApp;
				PRODUCT_NAME = "$(TARGET_NAME)";
				SWIFT_VERSION = 5.0;
				TARGETED_DEVICE_FAMILY = "1,2";
			};
			name = Release;
		};
		225382002213314F002C7EB4 /* Debug */ = {
			isa = XCBuildConfiguration;
			buildSettings = {
				ALWAYS_EMBED_SWIFT_STANDARD_LIBRARIES = YES;
				BUNDLE_LOADER = "$(TEST_HOST)";
				CODE_SIGN_STYLE = Automatic;
				INFOPLIST_FILE = TravelAppTests/Info.plist;
				LD_RUNPATH_SEARCH_PATHS = (
					"$(inherited)",
					"@executable_path/Frameworks",
					"@loader_path/Frameworks",
				);
				PRODUCT_BUNDLE_IDENTIFIER = com.amit.travel.TravelAppTests;
				PRODUCT_NAME = "$(TARGET_NAME)";
				SWIFT_VERSION = 5.0;
				TARGETED_DEVICE_FAMILY = "1,2";
				TEST_HOST = "$(BUILT_PRODUCTS_DIR)/TravelApp.app/TravelApp";
			};
			name = Debug;
		};
		225382012213314F002C7EB4 /* Release */ = {
			isa = XCBuildConfiguration;
			buildSettings = {
				ALWAYS_EMBED_SWIFT_STANDARD_LIBRARIES = YES;
				BUNDLE_LOADER = "$(TEST_HOST)";
				CODE_SIGN_STYLE = Automatic;
				INFOPLIST_FILE = TravelAppTests/Info.plist;
				LD_RUNPATH_SEARCH_PATHS = (
					"$(inherited)",
					"@executable_path/Frameworks",
					"@loader_path/Frameworks",
				);
				PRODUCT_BUNDLE_IDENTIFIER = com.amit.travel.TravelAppTests;
				PRODUCT_NAME = "$(TARGET_NAME)";
				SWIFT_VERSION = 5.0;
				TARGETED_DEVICE_FAMILY = "1,2";
				TEST_HOST = "$(BUILT_PRODUCTS_DIR)/TravelApp.app/TravelApp";
			};
			name = Release;
		};
		225382032213314F002C7EB4 /* Debug */ = {
			isa = XCBuildConfiguration;
			buildSettings = {
				ALWAYS_EMBED_SWIFT_STANDARD_LIBRARIES = YES;
				CODE_SIGN_STYLE = Automatic;
				INFOPLIST_FILE = TravelAppUITests/Info.plist;
				LD_RUNPATH_SEARCH_PATHS = (
					"$(inherited)",
					"@executable_path/Frameworks",
					"@loader_path/Frameworks",
				);
				PRODUCT_BUNDLE_IDENTIFIER = com.amit.travel.TravelAppUITests;
				PRODUCT_NAME = "$(TARGET_NAME)";
				SWIFT_VERSION = 5.0;
				TARGETED_DEVICE_FAMILY = "1,2";
				TEST_TARGET_NAME = TravelApp;
			};
			name = Debug;
		};
		225382042213314F002C7EB4 /* Release */ = {
			isa = XCBuildConfiguration;
			buildSettings = {
				ALWAYS_EMBED_SWIFT_STANDARD_LIBRARIES = YES;
				CODE_SIGN_STYLE = Automatic;
				INFOPLIST_FILE = TravelAppUITests/Info.plist;
				LD_RUNPATH_SEARCH_PATHS = (
					"$(inherited)",
					"@executable_path/Frameworks",
					"@loader_path/Frameworks",
				);
				PRODUCT_BUNDLE_IDENTIFIER = com.amit.travel.TravelAppUITests;
				PRODUCT_NAME = "$(TARGET_NAME)";
				SWIFT_VERSION = 5.0;
				TARGETED_DEVICE_FAMILY = "1,2";
				TEST_TARGET_NAME = TravelApp;
			};
			name = Release;
		};
/* End XCBuildConfiguration section */

/* Begin XCConfigurationList section */
		225381CD2213314E002C7EB4 /* Build configuration list for PBXProject "TravelApp" */ = {
			isa = XCConfigurationList;
			buildConfigurations = (
				225381FA2213314F002C7EB4 /* Debug */,
				225381FB2213314F002C7EB4 /* Release */,
			);
			defaultConfigurationIsVisible = 0;
			defaultConfigurationName = Release;
		};
		225381FC2213314F002C7EB4 /* Build configuration list for PBXNativeTarget "TravelApp" */ = {
			isa = XCConfigurationList;
			buildConfigurations = (
				225381FD2213314F002C7EB4 /* Debug */,
				225381FE2213314F002C7EB4 /* Release */,
			);
			defaultConfigurationIsVisible = 0;
			defaultConfigurationName = Release;
		};
		225381FF2213314F002C7EB4 /* Build configuration list for PBXNativeTarget "TravelAppTests" */ = {
			isa = XCConfigurationList;
			buildConfigurations = (
				225382002213314F002C7EB4 /* Debug */,
				225382012213314F002C7EB4 /* Release */,
			);
			defaultConfigurationIsVisible = 0;
			defaultConfigurationName = Release;
		};
		225382022213314F002C7EB4 /* Build configuration list for PBXNativeTarget "TravelAppUITests" */ = {
			isa = XCConfigurationList;
			buildConfigurations = (
				225382032213314F002C7EB4 /* Debug */,
				225382042213314F002C7EB4 /* Release */,
			);
			defaultConfigurationIsVisible = 0;
			defaultConfigurationName = Release;
		};
/* End XCConfigurationList section */
	};
	rootObject = 225381CA2213314E002C7EB4 /* Project object */;
}
